
Microsoft Visual Studio Solution File, Format Version 12.00
# Visual Studio Version 17
VisualStudioVersion = 17.9.34622.214
MinimumVisualStudioVersion = 10.0.40219.1
Project("{9A19103F-16F7-4668-BE54-9A1E7A4F7556}") = "BKey.Tetris.Console", "BKey.Tetris.Console\BKey.Tetris.Console.csproj", "{EACA85CD-791C-49A4-8D74-B543A78DF4C5}"
EndProject
Project("{9A19103F-16F7-4668-BE54-9A1E7A4F7556}") = "BKey.Tetris.Logic", "BKey.Tetris.Logic\BKey.Tetris.Logic.csproj", "{1C519488-4BD5-46DA-B82C-0326B86295B8}"
EndProject
Project("{FAE04EC0-301F-11D3-BF4B-00C04F79EFBC}") = "BKey.Tetris.Logic.Tests", "BKey.Tetris.Logic.Tests\BKey.Tetris.Logic.Tests.csproj", "{F2520B8A-A9A5-4BF1-9AEE-EFC1CACA61BE}"
EndProject
Global
	GlobalSection(SolutionConfigurationPlatforms) = preSolution
		Debug|Any CPU = Debug|Any CPU
		Release|Any CPU = Release|Any CPU
	EndGlobalSection
	GlobalSection(ProjectConfigurationPlatforms) = postSolution
		{EACA85CD-791C-49A4-8D74-B543A78DF4C5}.Debug|Any CPU.ActiveCfg = Debug|Any CPU
		{EACA85CD-791C-49A4-8D74-B543A78DF4C5}.Debug|Any CPU.Build.0 = Debug|Any CPU
		{EACA85CD-791C-49A4-8D74-B543A78DF4C5}.Release|Any CPU.ActiveCfg = Release|Any CPU
		{EACA85CD-791C-49A4-8D74-B543A78DF4C5}.Release|Any CPU.Build.0 = Release|Any CPU
		{1C519488-4BD5-46DA-B82C-0326B86295B8}.Debug|Any CPU.ActiveCfg = Debug|Any CPU
		{1C519488-4BD5-46DA-B82C-0326B86295B8}.Debug|Any CPU.Build.0 = Debug|Any CPU
		{1C519488-4BD5-46DA-B82C-0326B86295B8}.Release|Any CPU.ActiveCfg = Release|Any CPU
		{1C519488-4BD5-46DA-B82C-0326B86295B8}.Release|Any CPU.Build.0 = Release|Any CPU
		{F2520B8A-A9A5-4BF1-9AEE-EFC1CACA61BE}.Debug|Any CPU.ActiveCfg = Debug|Any CPU
		{F2520B8A-A9A5-4BF1-9AEE-EFC1CACA61BE}.Debug|Any CPU.Build.0 = Debug|Any CPU
		{F2520B8A-A9A5-4BF1-9AEE-EFC1CACA61BE}.Release|Any CPU.ActiveCfg = Release|Any CPU
		{F2520B8A-A9A5-4BF1-9AEE-EFC1CACA61BE}.Release|Any CPU.Build.0 = Release|Any CPU
	EndGlobalSection
	GlobalSection(SolutionProperties) = preSolution
		HideSolutionNode = FALSE
	EndGlobalSection
	GlobalSection(ExtensibilityGlobals) = postSolution
		SolutionGuid = {7EC5A1C5-FB1C-4939-9A15-AB6E30D01BBE}
	EndGlobalSection
EndGlobal
